
Microsoft Visual Studio Solution File, Format Version 12.00
# Visual Studio Version 17
VisualStudioVersion = 17.11.35312.102
MinimumVisualStudioVersion = 10.0.40219.1
Project("{9A19103F-16F7-4668-BE54-9A1E7A4F7556}") = "SinglRDataProcess", "SinglRDataProcess\SinglRDataProcess.csproj", "{EBE66D0D-FD58-4166-BD80-C6788203E37F}"
EndProject
Project("{9A19103F-16F7-4668-BE54-9A1E7A4F7556}") = "SignalRClient", "SignalRClient\SignalRClient.csproj", "{625A4994-80F5-46DD-8D95-597F0EAA5ABA}"
EndProject
Global
	GlobalSection(SolutionConfigurationPlatforms) = preSolution
		Debug|Any CPU = Debug|Any CPU
		Release|Any CPU = Release|Any CPU
	EndGlobalSection
	GlobalSection(ProjectConfigurationPlatforms) = postSolution
		{EBE66D0D-FD58-4166-BD80-C6788203E37F}.Debug|Any CPU.ActiveCfg = Debug|Any CPU
		{EBE66D0D-FD58-4166-BD80-C6788203E37F}.Debug|Any CPU.Build.0 = Debug|Any CPU
		{EBE66D0D-FD58-4166-BD80-C6788203E37F}.Release|Any CPU.ActiveCfg = Release|Any CPU
		{EBE66D0D-FD58-4166-BD80-C6788203E37F}.Release|Any CPU.Build.0 = Release|Any CPU
		{625A4994-80F5-46DD-8D95-597F0EAA5ABA}.Debug|Any CPU.ActiveCfg = Debug|Any CPU
		{625A4994-80F5-46DD-8D95-597F0EAA5ABA}.Debug|Any CPU.Build.0 = Debug|Any CPU
		{625A4994-80F5-46DD-8D95-597F0EAA5ABA}.Release|Any CPU.ActiveCfg = Release|Any CPU
		{625A4994-80F5-46DD-8D95-597F0EAA5ABA}.Release|Any CPU.Build.0 = Release|Any CPU
	EndGlobalSection
	GlobalSection(SolutionProperties) = preSolution
		HideSolutionNode = FALSE
	EndGlobalSection
	GlobalSection(ExtensibilityGlobals) = postSolution
		SolutionGuid = {79D1F04C-13BD-455C-80B1-3123154F6088}
	EndGlobalSection
EndGlobal
